Microsoft Visual Studio Solution File, Format Version 12.00
# Visual Studio 15
VisualStudioVersion = 15.0.28307.102
MinimumVisualStudioVersion = 10.0.40219.1
Project("{FAE04EC0-301F-11D3-BF4B-00C04F79EFBC}") = "ARKitMeetup", "ARKitMeetup\ARKitMeetup.csproj", "{3806D664-CD88-4E32-ADE4-53224A02A307}"
EndProject
Global
	GlobalSection(SolutionConfigurationPlatforms) = preSolution
		Debug|iPhone = Debug|iPhone
		Debug|iPhoneSimulator = Debug|iPhoneSimulator
		Release|iPhone = Release|iPhone
		Release|iPhoneSimulator = Release|iPhoneSimulator
	EndGlobalSection
	GlobalSection(ProjectConfigurationPlatforms) = postSolution
		{3806D664-CD88-4E32-ADE4-53224A02A307}.Debug|iPhone.ActiveCfg = Debug|iPhone
		{3806D664-CD88-4E32-ADE4-53224A02A307}.Debug|iPhone.Build.0 = Debug|iPhone
		{3806D664-CD88-4E32-ADE4-53224A02A307}.Debug|iPhoneSimulator.ActiveCfg = Debug|iPhoneSimulator
		{3806D664-CD88-4E32-ADE4-53224A02A307}.Debug|iPhoneSimulator.Build.0 = Debug|iPhoneSimulator
		{3806D664-CD88-4E32-ADE4-53224A02A307}.Release|iPhone.ActiveCfg = Release|iPhone
		{3806D664-CD88-4E32-ADE4-53224A02A307}.Release|iPhone.Build.0 = Release|iPhone
		{3806D664-CD88-4E32-ADE4-53224A02A307}.Release|iPhoneSimulator.ActiveCfg = Release|iPhoneSimulator
		{3806D664-CD88-4E32-ADE4-53224A02A307}.Release|iPhoneSimulator.Build.0 = Release|iPhoneSimulator
	EndGlobalSection
	GlobalSection(SolutionProperties) = preSolution
		HideSolutionNode = FALSE
	EndGlobalSection
	GlobalSection(ExtensibilityGlobals) = postSolution
		SolutionGuid = {3472531A-01B3-4928-B6BD-65C4766ABF10}
	EndGlobalSection
EndGlobal
